
Microsoft Visual Studio Solution File, Format Version 12.00
# Visual Studio Version 16
VisualStudioVersion = 16.0.31613.86
MinimumVisualStudioVersion = 10.0.40219.1
Project("{8BC9CEB8-8B4A-11D0-8D11-00A0C91BC942}") = "sample-framework", "sample-framework.vcxproj", "{F86D293B-DBCC-3FB5-9004-426FE184CDBE}"
EndProject
Global
	GlobalSection(SolutionConfigurationPlatforms) = preSolution
		Debug|x64 = Debug|x64
		Release|x64 = Release|x64
	EndGlobalSection
	GlobalSection(ProjectConfigurationPlatforms) = postSolution
		{F86D293B-DBCC-3FB5-9004-426FE184CDBE}.Debug|x64.ActiveCfg = Debug|x64
		{F86D293B-DBCC-3FB5-9004-426FE184CDBE}.Debug|x64.Build.0 = Debug|x64
		{F86D293B-DBCC-3FB5-9004-426FE184CDBE}.Release|x64.ActiveCfg = Release|x64
		{F86D293B-DBCC-3FB5-9004-426FE184CDBE}.Release|x64.Build.0 = Release|x64
	EndGlobalSection
	GlobalSection(SolutionProperties) = preSolution
		HideSolutionNode = FALSE
	EndGlobalSection
	GlobalSection(ExtensibilityGlobals) = postSolution
		SolutionGuid = {1CC1EC0B-661E-4591-871C-63AD0F89A053}
	EndGlobalSection
EndGlobal
