<?xml version="1.0" encoding="utf-8"?>
<Project xmlns="http://schemas.microsoft.com/developer/msbuild/2003">
  <ItemGroup>
    <Filter Include="Generated Files">
      <UniqueIdentifier>{71ED8ED8-ACB9-4CE9-BBE1-E00B30144E11}</UniqueIdentifier>
      <Extensions>cpp;c;cxx;moc;h;def;odl;idl;res;</Extensions>
    </Filter>
    <Filter Include="Generated Files">
      <UniqueIdentifier>{71ED8ED8-ACB9-4CE9-BBE1-E00B30144E11}</UniqueIdentifier>
      <Extensions>cpp;c;cxx;moc;h;def;odl;idl;res;</Extensions>
    </Filter>
    <Filter Include="Header Files">
      <UniqueIdentifier>{93995380-89BD-4b04-88EB-625FBE52EBFB}</UniqueIdentifier>
      <Extensions>h;hpp;hxx;hm;inl;inc;xsd</Extensions>
    </Filter>
    <Filter Include="Header Files">
      <UniqueIdentifier>{93995380-89BD-4b04-88EB-625FBE52EBFB}</UniqueIdentifier>
      <Extensions>h;hpp;hxx;hm;inl;inc;xsd</Extensions>
    </Filter>
    <Filter Include="Resource Files">
      <UniqueIdentifier>{D9D6E242-F8AF-46E4-B9FD-80ECBC20BA3E}</UniqueIdentifier>
      <Extensions>qrc;*</Extensions>
      <ParseFiles>false</ParseFiles>
    </Filter>
    <Filter Include="Resource Files">
      <UniqueIdentifier>{D9D6E242-F8AF-46E4-B9FD-80ECBC20BA3E}</UniqueIdentifier>
      <Extensions>qrc;*</Extensions>
      <ParseFiles>false</ParseFiles>
    </Filter>
    <Filter Include="Source Files">
      <UniqueIdentifier>{4FC737F1-C7A5-4376-A066-2A32D752A2FF}</UniqueIdentifier>
      <Extensions>cpp;c;cxx;def;odl;idl;hpj;bat;asm;asmx</Extensions>
    </Filter>
    <Filter Include="Source Files">
      <UniqueIdentifier>{4FC737F1-C7A5-4376-A066-2A32D752A2FF}</UniqueIdentifier>
      <Extensions>cpp;c;cxx;def;odl;idl;hpj;bat;asm;asmx</Extensions>
    </Filter>
  </ItemGroup>
  <ItemGroup>
    <ClCompile Include="src\MyViewer.cpp">
      <Filter>Source Files</Filter>
    </ClCompile>
    <ClCompile Include="src\MyWindow.cpp">
      <Filter>Source Files</Filter>
    </ClCompile>
    <ClCompile Include="src\jet-wrapper.cpp">
      <Filter>Source Files</Filter>
    </ClCompile>
    <ClCompile Include="src\main.cpp">
      <Filter>Source Files</Filter>
    </ClCompile>
    <ClCompile Include="src\Open.cpp">
      <Filter>Source Files</Filter>
    </ClCompile>
    <ClCompile Include="src\BoneHeat.cpp">
      <Filter>Source Files</Filter>
    </ClCompile>
    <ClCompile Include="src\Save.cpp">
      <Filter>Source Files</Filter>
    </ClCompile>
    <ClCompile Include="src\Draw.cpp">
      <Filter>Source Files</Filter>
    </ClCompile>
    <ClCompile Include="src\Arrow.cpp">
      <Filter>Source Files</Filter>
    </ClCompile>
    <ClCompile Include="src\Animation.cpp">
      <Filter>Source Files</Filter>
    </ClCompile>
    <ClCompile Include="src\Bone.cpp">
      <Filter>Source Files</Filter>
    </ClCompile>
    <ClCompile Include="src\Inverse_Kinematics.cpp">
      <Filter>Source Files</Filter>
    </ClCompile>
    <ClCompile Include="src\DeltaMush.cpp">
      <Filter>Source Files</Filter>
    </ClCompile>
    <ClCompile Include="src\Joint.cpp">
      <Filter>Source Files</Filter>
    </ClCompile>
    <ClCompile Include="src\ImplicitSkinning.cpp">
      <Filter>Source Files</Filter>
    </ClCompile>
    <ClCompile Include="src\MarchingCubes.cpp">
      <Filter>Source Files</Filter>
    </ClCompile>
    <ClCompile Include="src\Smooth.cpp">
      <Filter>Source Files</Filter>
    </ClCompile>
    <ClCompile Include="src\mclccd\BVHTree.cpp">
      <Filter>Source Files</Filter>
    </ClCompile>
    <ClCompile Include="src\mclccd\BVHLeaf.cpp">
      <Filter>Source Files</Filter>
    </ClCompile>
    <ClCompile Include="src\mclccd\NarrowPhase.cpp">
      <Filter>Source Files</Filter>
    </ClCompile>
    <ClCompile Include="src\mclccd\ccd_internal\CTCD.cpp">
      <Filter>Source Files</Filter>
    </ClCompile>
    <ClCompile Include="src\tight_inclusion\avx.cpp">
      <Filter>Source Files</Filter>
    </ClCompile>
    <ClCompile Include="src\tight_inclusion\ccd.cpp">
      <Filter>Source Files</Filter>
    </ClCompile>
    <ClCompile Include="src\tight_inclusion\interval.cpp">
      <Filter>Source Files</Filter>
    </ClCompile>
    <ClCompile Include="src\tight_inclusion\interval_root_finder.cpp">
      <Filter>Source Files</Filter>
    </ClCompile>
    <ClCompile Include="src\tight_inclusion\logger.cpp">
      <Filter>Source Files</Filter>
    </ClCompile>
    <ClCompile Include="src\ControlPoint.cpp">
      <Filter>Source Files</Filter>
    </ClCompile>
    <ClCompile Include="src\Render.cpp">
      <Filter>Source Files</Filter>
    </ClCompile>
    <ClCompile Include="src\BVH.cpp">
      <Filter>Source Files</Filter>
    </ClCompile>
    <ClCompile Include="src\Collison.cpp">
      <Filter>Source Files</Filter>
    </ClCompile>
    <ClCompile Include="src\KinectSkelton.cpp">
      <Filter>Source Files</Filter>
    </ClCompile>
    <ClCompile Include="src\Skelton.cpp">
      <Filter>Source Files</Filter>
    </ClCompile>
    <ClCompile Include="src\BaseMesh.cpp">
      <Filter>Source Files</Filter>
    </ClCompile>
    <ClCompile Include="src\Skinning.cpp">
      <Filter>Source Files</Filter>
    </ClCompile>
  </ItemGroup>
  <ItemGroup>
    <QtMoc Include="src\MyViewer.h">
      <Filter>Header Files</Filter>
    </QtMoc>
    <ClInclude Include="src\MyViewer.hpp">
      <Filter>Header Files</Filter>
    </ClInclude>
    <QtMoc Include="src\MyWindow.h">
      <Filter>Header Files</Filter>
    </QtMoc>
  </ItemGroup>
  <ItemGroup>
    <CustomBuild Include="debug\moc_predefs.h.cbt">
      <Filter>Generated Files</Filter>
    </CustomBuild>
    <CustomBuild Include="release\moc_predefs.h.cbt">
      <Filter>Generated Files</Filter>
    </CustomBuild>
  </ItemGroup>
  <ItemGroup>
    <None Include="environment.png">
      <Filter>Resource Files</Filter>
    </None>
    <None Include="isophotes.png">
      <Filter>Resource Files</Filter>
    </None>
    <QtRcc Include="sample-framework.qrc">
      <Filter>Resource Files</Filter>
    </QtRcc>
  </ItemGroup>
  <ItemGroup>
    <ClInclude Include="src\Bone.h">
      <Filter>Header Files</Filter>
    </ClInclude>
    <ClInclude Include="src\Matrix4.h">
      <Filter>Header Files</Filter>
    </ClInclude>
    <ClInclude Include="src\Mesh.h">
      <Filter>Header Files</Filter>
    </ClInclude>
    <ClInclude Include="src\Joint.h">
      <Filter>Header Files</Filter>
    </ClInclude>
    <ClInclude Include="src\HRBF.h">
      <Filter>Header Files</Filter>
    </ClInclude>
    <ClInclude Include="src\MarchingCubes.h">
      <Filter>Header Files</Filter>
    </ClInclude>
    <ClInclude Include="src\DeltaMush.h">
      <Filter>Header Files</Filter>
    </ClInclude>
    <ClInclude Include="src\mclccd\BVHTree.hpp">
      <Filter>Header Files</Filter>
    </ClInclude>
    <ClInclude Include="src\mclccd\BVHLeaf.hpp">
      <Filter>Header Files</Filter>
    </ClInclude>
    <ClInclude Include="src\mclccd\NarrowPhase.hpp">
      <Filter>Header Files</Filter>
    </ClInclude>
    <ClInclude Include="src\mclccd\ccd_internal\CTCD.hpp">
      <Filter>Header Files</Filter>
    </ClInclude>
    <ClInclude Include="src\mclccd\ccd_internal\Distance.hpp">
      <Filter>Header Files</Filter>
    </ClInclude>
    <ClInclude Include="src\mclccd\ccd_internal\KdBVH.hpp">
      <Filter>Header Files</Filter>
    </ClInclude>
    <ClInclude Include="src\mclccd\ccd_internal\Projection.hpp">
      <Filter>Header Files</Filter>
    </ClInclude>
    <ClInclude Include="src\mclccd\ccd_internal\rpoly.h">
      <Filter>Header Files</Filter>
    </ClInclude>
    <ClInclude Include="src\tight_inclusion\avx.hpp">
      <Filter>Header Files</Filter>
    </ClInclude>
    <ClInclude Include="src\tight_inclusion\ccd.hpp">
      <Filter>Header Files</Filter>
    </ClInclude>
    <ClInclude Include="src\tight_inclusion\interval.hpp">
      <Filter>Header Files</Filter>
    </ClInclude>
    <ClInclude Include="src\tight_inclusion\interval_root_finder.hpp">
      <Filter>Header Files</Filter>
    </ClInclude>
    <ClInclude Include="src\tight_inclusion\logger.hpp">
      <Filter>Header Files</Filter>
    </ClInclude>
    <ClInclude Include="src\tight_inclusion\timer.hpp">
      <Filter>Header Files</Filter>
    </ClInclude>
    <ClInclude Include="src\tight_inclusion\types.hpp">
      <Filter>Header Files</Filter>
    </ClInclude>
    <ClInclude Include="src\ControlPoint.h">
      <Filter>Header Files</Filter>
    </ClInclude>
    <ClInclude Include="src\gif.h">
      <Filter>Header Files</Filter>
    </ClInclude>
    <ClInclude Include="src\Keyframe.h">
      <Filter>Header Files</Filter>
    </ClInclude>
    <ClInclude Include="src\AABB.h">
      <Filter>Header Files</Filter>
    </ClInclude>
    <ClInclude Include="src\BVH.h">
      <Filter>Header Files</Filter>
    </ClInclude>
    <ClInclude Include="src\Collison.h">
      <Filter>Header Files</Filter>
    </ClInclude>
    <ClInclude Include="src\KinectSkelton.h">
      <Filter>Header Files</Filter>
    </ClInclude>
    <ClInclude Include="src\Skelton.h">
      <Filter>Header Files</Filter>
    </ClInclude>
    <ClInclude Include="src\BaseMesh.h">
      <Filter>Header Files</Filter>
    </ClInclude>
    <ClInclude Include="src\Object3D.h">
      <Filter>Header Files</Filter>
    </ClInclude>
    <ClInclude Include="src\Visualization.h">
      <Filter>Generated Files</Filter>
    </ClInclude>
    <ClInclude Include="src\Skinning.h">
      <Filter>Header Files</Filter>
    </ClInclude>
    <ClInclude Include="src\BoneHeat.h">
      <Filter>Header Files</Filter>
    </ClInclude>
  </ItemGroup>
</Project>